
Microsoft Visual Studio Solution File, Format Version 12.00
# Visual Studio Version 17
VisualStudioVersion = 17.8.34525.116
MinimumVisualStudioVersion = 10.0.40219.1
Project("{9A19103F-16F7-4668-BE54-9A1E7A4F7556}") = "ProdutosApp.API", "ProdutosApp.API\ProdutosApp.API.csproj", "{C80E6D27-FB91-4635-AC6C-3987C22E61E8}"
EndProject
Project("{9A19103F-16F7-4668-BE54-9A1E7A4F7556}") = "ProdutosApp.Domain", "ProdutosApp.Domain\ProdutosApp.Domain.csproj", "{A213AF36-3E49-40CA-8EA3-A361986D703D}"
EndProject
Project("{9A19103F-16F7-4668-BE54-9A1E7A4F7556}") = "ProdutosApp.Infra.Data", "ProdutosApp.Infra.Data\ProdutosApp.Infra.Data.csproj", "{A204E3AF-CD7A-4D2C-A423-160132CEFA9D}"
EndProject
Project("{9A19103F-16F7-4668-BE54-9A1E7A4F7556}") = "ProdutosApp.Infra.Messages", "ProdutosApp.Infra.Messages\ProdutosApp.Infra.Messages.csproj", "{6C80F40C-16E0-4C01-B5C4-C4C7CD390756}"
EndProject
Global
	GlobalSection(SolutionConfigurationPlatforms) = preSolution
		Debug|Any CPU = Debug|Any CPU
		Release|Any CPU = Release|Any CPU
	EndGlobalSection
	GlobalSection(ProjectConfigurationPlatforms) = postSolution
		{C80E6D27-FB91-4635-AC6C-3987C22E61E8}.Debug|Any CPU.ActiveCfg = Debug|Any CPU
		{C80E6D27-FB91-4635-AC6C-3987C22E61E8}.Debug|Any CPU.Build.0 = Debug|Any CPU
		{C80E6D27-FB91-4635-AC6C-3987C22E61E8}.Release|Any CPU.ActiveCfg = Release|Any CPU
		{C80E6D27-FB91-4635-AC6C-3987C22E61E8}.Release|Any CPU.Build.0 = Release|Any CPU
		{A213AF36-3E49-40CA-8EA3-A361986D703D}.Debug|Any CPU.ActiveCfg = Debug|Any CPU
		{A213AF36-3E49-40CA-8EA3-A361986D703D}.Debug|Any CPU.Build.0 = Debug|Any CPU
		{A213AF36-3E49-40CA-8EA3-A361986D703D}.Release|Any CPU.ActiveCfg = Release|Any CPU
		{A213AF36-3E49-40CA-8EA3-A361986D703D}.Release|Any CPU.Build.0 = Release|Any CPU
		{A204E3AF-CD7A-4D2C-A423-160132CEFA9D}.Debug|Any CPU.ActiveCfg = Debug|Any CPU
		{A204E3AF-CD7A-4D2C-A423-160132CEFA9D}.Debug|Any CPU.Build.0 = Debug|Any CPU
		{A204E3AF-CD7A-4D2C-A423-160132CEFA9D}.Release|Any CPU.ActiveCfg = Release|Any CPU
		{A204E3AF-CD7A-4D2C-A423-160132CEFA9D}.Release|Any CPU.Build.0 = Release|Any CPU
		{6C80F40C-16E0-4C01-B5C4-C4C7CD390756}.Debug|Any CPU.ActiveCfg = Debug|Any CPU
		{6C80F40C-16E0-4C01-B5C4-C4C7CD390756}.Debug|Any CPU.Build.0 = Debug|Any CPU
		{6C80F40C-16E0-4C01-B5C4-C4C7CD390756}.Release|Any CPU.ActiveCfg = Release|Any CPU
		{6C80F40C-16E0-4C01-B5C4-C4C7CD390756}.Release|Any CPU.Build.0 = Release|Any CPU
	EndGlobalSection
	GlobalSection(SolutionProperties) = preSolution
		HideSolutionNode = FALSE
	EndGlobalSection
	GlobalSection(ExtensibilityGlobals) = postSolution
		SolutionGuid = {C7223D17-5BEA-42D2-AFD7-A371D66CF65B}
	EndGlobalSection
EndGlobal
